
Microsoft Visual Studio Solution File, Format Version 12.00
# Visual Studio Version 16
VisualStudioVersion = 16.0.28711.60
MinimumVisualStudioVersion = 10.0.40219.1
Project("{FAE04EC0-301F-11D3-BF4B-00C04F79EFBC}") = "Blazor.Server.Server", "Blazor.Server.Server\Blazor.Server.Server.csproj", "{22C0E3D7-5072-4051-8B15-37E87E1544A6}"
EndProject
Project("{FAE04EC0-301F-11D3-BF4B-00C04F79EFBC}") = "Blazor.Server.Client", "Blazor.Server.Client\Blazor.Server.Client.csproj", "{2D4BE5AB-CB3C-4B13-8C3A-89EFE099B6B7}"
EndProject
Project("{FAE04EC0-301F-11D3-BF4B-00C04F79EFBC}") = "Blazor.Server.Shared", "Blazor.Server.Shared\Blazor.Server.Shared.csproj", "{54348FF0-8B25-488F-8A84-6DD234FF5B6F}"
EndProject
Global
	GlobalSection(SolutionConfigurationPlatforms) = preSolution
		Debug|Any CPU = Debug|Any CPU
		Release|Any CPU = Release|Any CPU
	EndGlobalSection
	GlobalSection(ProjectConfigurationPlatforms) = postSolution
		{22C0E3D7-5072-4051-8B15-37E87E1544A6}.Debug|Any CPU.ActiveCfg = Debug|Any CPU
		{22C0E3D7-5072-4051-8B15-37E87E1544A6}.Debug|Any CPU.Build.0 = Debug|Any CPU
		{22C0E3D7-5072-4051-8B15-37E87E1544A6}.Release|Any CPU.ActiveCfg = Release|Any CPU
		{22C0E3D7-5072-4051-8B15-37E87E1544A6}.Release|Any CPU.Build.0 = Release|Any CPU
		{2D4BE5AB-CB3C-4B13-8C3A-89EFE099B6B7}.Debug|Any CPU.ActiveCfg = Debug|Any CPU
		{2D4BE5AB-CB3C-4B13-8C3A-89EFE099B6B7}.Debug|Any CPU.Build.0 = Debug|Any CPU
		{2D4BE5AB-CB3C-4B13-8C3A-89EFE099B6B7}.Release|Any CPU.ActiveCfg = Release|Any CPU
		{2D4BE5AB-CB3C-4B13-8C3A-89EFE099B6B7}.Release|Any CPU.Build.0 = Release|Any CPU
		{54348FF0-8B25-488F-8A84-6DD234FF5B6F}.Debug|Any CPU.ActiveCfg = Debug|Any CPU
		{54348FF0-8B25-488F-8A84-6DD234FF5B6F}.Debug|Any CPU.Build.0 = Debug|Any CPU
		{54348FF0-8B25-488F-8A84-6DD234FF5B6F}.Release|Any CPU.ActiveCfg = Release|Any CPU
		{54348FF0-8B25-488F-8A84-6DD234FF5B6F}.Release|Any CPU.Build.0 = Release|Any CPU
	EndGlobalSection
	GlobalSection(SolutionProperties) = preSolution
		HideSolutionNode = FALSE
	EndGlobalSection
	GlobalSection(ExtensibilityGlobals) = postSolution
		SolutionGuid = {23D2A08F-FF1F-4409-8E57-E9D89160990E}
	EndGlobalSection
EndGlobal
